
Microsoft Visual Studio Solution File, Format Version 12.00
# Visual Studio 15
VisualStudioVersion = 15.0.26124.0
MinimumVisualStudioVersion = 15.0.26124.0
Project("{9A19103F-16F7-4668-BE54-9A1E7A4F7556}") = "corewebftp", "corewebftp.csproj", "{A6A5FD4F-FCCC-4589-AB67-C0A78FE67E06}"
EndProject
Global
	GlobalSection(SolutionConfigurationPlatforms) = preSolution
		Debug|Any CPU = Debug|Any CPU
		Debug|x64 = Debug|x64
		Debug|x86 = Debug|x86
		Release|Any CPU = Release|Any CPU
		Release|x64 = Release|x64
		Release|x86 = Release|x86
	EndGlobalSection
	GlobalSection(ProjectConfigurationPlatforms) = postSolution
		{A6A5FD4F-FCCC-4589-AB67-C0A78FE67E06}.Debug|Any CPU.ActiveCfg = Debug|Any CPU
		{A6A5FD4F-FCCC-4589-AB67-C0A78FE67E06}.Debug|Any CPU.Build.0 = Debug|Any CPU
		{A6A5FD4F-FCCC-4589-AB67-C0A78FE67E06}.Debug|x64.ActiveCfg = Debug|Any CPU
		{A6A5FD4F-FCCC-4589-AB67-C0A78FE67E06}.Debug|x64.Build.0 = Debug|Any CPU
		{A6A5FD4F-FCCC-4589-AB67-C0A78FE67E06}.Debug|x86.ActiveCfg = Debug|Any CPU
		{A6A5FD4F-FCCC-4589-AB67-C0A78FE67E06}.Debug|x86.Build.0 = Debug|Any CPU
		{A6A5FD4F-FCCC-4589-AB67-C0A78FE67E06}.Release|Any CPU.ActiveCfg = Release|Any CPU
		{A6A5FD4F-FCCC-4589-AB67-C0A78FE67E06}.Release|Any CPU.Build.0 = Release|Any CPU
		{A6A5FD4F-FCCC-4589-AB67-C0A78FE67E06}.Release|x64.ActiveCfg = Release|Any CPU
		{A6A5FD4F-FCCC-4589-AB67-C0A78FE67E06}.Release|x64.Build.0 = Release|Any CPU
		{A6A5FD4F-FCCC-4589-AB67-C0A78FE67E06}.Release|x86.ActiveCfg = Release|Any CPU
		{A6A5FD4F-FCCC-4589-AB67-C0A78FE67E06}.Release|x86.Build.0 = Release|Any CPU
	EndGlobalSection
	GlobalSection(SolutionProperties) = preSolution
		HideSolutionNode = FALSE
	EndGlobalSection
	GlobalSection(ExtensibilityGlobals) = postSolution
		SolutionGuid = {5836F0CB-C855-48DF-ABF2-0D12131E0FBA}
	EndGlobalSection
EndGlobal
